
Microsoft Visual Studio Solution File, Format Version 12.00
# Visual Studio Version 16
VisualStudioVersion = 16.0.29905.134
MinimumVisualStudioVersion = 10.0.40219.1
Project("{9A19103F-16F7-4668-BE54-9A1E7A4F7556}") = "AntonsAuto", "AntonsAuto\AntonsAuto.csproj", "{1A28714C-6834-4895-BD07-15E63A96CF25}"
EndProject
Global
	GlobalSection(SolutionConfigurationPlatforms) = preSolution
		Debug|Any CPU = Debug|Any CPU
		Release|Any CPU = Release|Any CPU
	EndGlobalSection
	GlobalSection(ProjectConfigurationPlatforms) = postSolution
		{1A28714C-6834-4895-BD07-15E63A96CF25}.Debug|Any CPU.ActiveCfg = Debug|Any CPU
		{1A28714C-6834-4895-BD07-15E63A96CF25}.Debug|Any CPU.Build.0 = Debug|Any CPU
		{1A28714C-6834-4895-BD07-15E63A96CF25}.Release|Any CPU.ActiveCfg = Release|Any CPU
		{1A28714C-6834-4895-BD07-15E63A96CF25}.Release|Any CPU.Build.0 = Release|Any CPU
	EndGlobalSection
	GlobalSection(SolutionProperties) = preSolution
		HideSolutionNode = FALSE
	EndGlobalSection
	GlobalSection(ExtensibilityGlobals) = postSolution
		SolutionGuid = {A61933A3-3E99-4E8E-AF48-93D0AA2D26C2}
	EndGlobalSection
EndGlobal
